PODS:
  - GPUImage (0.1.7)
  - SwiftLint (0.41.0)

DEPENDENCIES:
  - GPUImage
  - SwiftLint

SPEC REPOS:
  trunk:
    - GPUImage
    - SwiftLint

SPEC CHECKSUMS:
  GPUImage: 733a5f0fab92df9de1c37ba9df520a833ccb406d
  SwiftLint: c585ebd615d9520d7fbdbe151f527977b0534f1e

PODFILE CHECKSUM: 550a8a64c5ddc19b91e372a3b516f87d8020f5c5

COCOAPODS: 1.9.3
